<?xml version="1.0" encoding="utf-8"?>
<Project ToolsVersion="4.0" xmlns="http://schemas.microsoft.com/developer/msbuild/2003">
  <ItemGroup>
    <Filter Include="Source Files">
      <UniqueIdentifier>{4FC737F1-C7A5-4376-A066-2A32D752A2FF}</UniqueIdentifier>
      <Extensions>cpp;c;cc;cxx;c++;cppm;ixx;def;odl;idl;hpj;bat;asm;asmx</Extensions>
    </Filter>
    <Filter Include="Resource Files">
      <UniqueIdentifier>{67DA6AB6-F800-4c08-8B7A-83BB121AAD01}</UniqueIdentifier>
      <Extensions>rc;ico;cur;bmp;dlg;rc2;rct;bin;rgs;gif;jpg;jpeg;jpe;resx;tiff;tif;png;wav;mfcribbon-ms</Extensions>
    </Filter>
    <Filter Include="Source Files\Utils">
      <UniqueIdentifier>{2c16890f-c464-4c3b-86af-1b96c7bbbe2c}</UniqueIdentifier>
    </Filter>
    <Filter Include="Source Files\Utils\Math">
      <UniqueIdentifier>{59530fd1-0ab7-4b22-95c9-939169614fa6}</UniqueIdentifier>
    </Filter>
    <Filter Include="Source Files\Hittables">
      <UniqueIdentifier>{45d423ac-44d7-4aaf-b505-c1ec4a457c50}</UniqueIdentifier>
    </Filter>
    <Filter Include="Source Files\Includes">
      <UniqueIdentifier>{93995380-89BD-4b04-88EB-625FBE52EBFB}</UniqueIdentifier>
      <Extensions>h;hh;hpp;hxx;h++;hm;inl;inc;ipp;xsd</Extensions>
    </Filter>
    <Filter Include="Source Files\Materials">
      <UniqueIdentifier>{e5458b60-44e2-4a7a-aa7b-ee49a34969ba}</UniqueIdentifier>
    </Filter>
  </ItemGroup>
  <ItemGroup>
    <ClInclude Include="src\Includes\stb_image_write.h">
      <Filter>Source Files\Includes</Filter>
    </ClInclude>
    <ClInclude Include="src\Includes\stb_image.h">
      <Filter>Source Files\Includes</Filter>
    </ClInclude>
    <ClInclude Include="src\Utils\FWDUtils.h">
      <Filter>Source Files\Utils</Filter>
    </ClInclude>
    <ClInclude Include="src\Utils\IOUtils.h">
      <Filter>Source Files\Utils</Filter>
    </ClInclude>
    <ClInclude Include="src\Utils\Color.h">
      <Filter>Source Files\Utils</Filter>
    </ClInclude>
    <ClInclude Include="src\Utils\Math\vec3.h">
      <Filter>Source Files\Utils\Math</Filter>
    </ClInclude>
    <ClInclude Include="src\Utils\Math\Ray.h">
      <Filter>Source Files\Utils\Math</Filter>
    </ClInclude>
    <ClInclude Include="src\Hittables\Sphere.h">
      <Filter>Source Files\Hittables</Filter>
    </ClInclude>
    <ClInclude Include="src\Hittables\Hittable.h">
      <Filter>Source Files\Hittables</Filter>
    </ClInclude>
    <ClInclude Include="src\Hittables\HittableList.h">
      <Filter>Source Files\Hittables</Filter>
    </ClInclude>
    <ClInclude Include="src\Utils\rand.h">
      <Filter>Source Files\Utils</Filter>
    </ClInclude>
    <ClInclude Include="src\Camera.h">
      <Filter>Source Files</Filter>
    </ClInclude>
    <ClInclude Include="src\Materials\Material.h">
      <Filter>Source Files\Materials</Filter>
    </ClInclude>
    <ClInclude Include="src\Materials\Lambertian.h">
      <Filter>Source Files\Materials</Filter>
    </ClInclude>
    <ClInclude Include="src\Materials\Metal.h">
      <Filter>Source Files\Materials</Filter>
    </ClInclude>
    <ClInclude Include="src\Utils\Math\MathUtils.h">
      <Filter>Source Files\Utils\Math</Filter>
    </ClInclude>
    <ClInclude Include="src\Materials\Dielectric.h">
      <Filter>Source Files\Materials</Filter>
    </ClInclude>
    <ClInclude Include="src\Includes\wobj.h">
      <Filter>Source Files\Includes</Filter>
    </ClInclude>
    <ClInclude Include="src\Hittables\Model.h">
      <Filter>Source Files\Hittables</Filter>
    </ClInclude>
  </ItemGroup>
  <ItemGroup>
    <ClCompile Include="src\Utils\Math\vec3.cpp">
      <Filter>Source Files\Utils\Math</Filter>
    </ClCompile>
    <ClCompile Include="src\Utils\Math\Ray.cpp">
      <Filter>Source Files\Utils\Math</Filter>
    </ClCompile>
    <ClCompile Include="src\RTOneWeekend.cpp">
      <Filter>Source Files</Filter>
    </ClCompile>
    <ClCompile Include="src\Hittables\Sphere.cpp">
      <Filter>Source Files\Hittables</Filter>
    </ClCompile>
    <ClCompile Include="src\Hittables\HittableList.cpp">
      <Filter>Source Files\Hittables</Filter>
    </ClCompile>
    <ClCompile Include="src\Camera.cpp">
      <Filter>Source Files</Filter>
    </ClCompile>
    <ClCompile Include="src\Materials\Lambertian.cpp">
      <Filter>Source Files\Materials</Filter>
    </ClCompile>
    <ClCompile Include="src\Materials\Metal.cpp">
      <Filter>Source Files\Materials</Filter>
    </ClCompile>
    <ClCompile Include="src\Materials\Dielectric.cpp">
      <Filter>Source Files\Materials</Filter>
    </ClCompile>
    <ClCompile Include="src\Hittables\Model.cpp">
      <Filter>Source Files\Hittables</Filter>
    </ClCompile>
  </ItemGroup>
</Project>